
Microsoft Visual Studio Solution File, Format Version 12.00
# Visual Studio Version 17
VisualStudioVersion = 17.0.31912.275
MinimumVisualStudioVersion = 10.0.40219.1
Project("{9A19103F-16F7-4668-BE54-9A1E7A4F7556}") = "Boteco32", "Boteco32.csproj", "{4E0EF33D-6DA8-428D-A5B1-4D0629E81FA9}"
EndProject
Project("{9A19103F-16F7-4668-BE54-9A1E7A4F7556}") = "TestProject", "..\TestProject\TestProject.csproj", "{F55C3667-04BD-423D-A07B-450EF38EEEA5}"
EndProject
Global
	GlobalSection(SolutionConfigurationPlatforms) = preSolution
		Debug|Any CPU = Debug|Any CPU
		Release|Any CPU = Release|Any CPU
	EndGlobalSection
	GlobalSection(ProjectConfigurationPlatforms) = postSolution
		{4E0EF33D-6DA8-428D-A5B1-4D0629E81FA9}.Debug|Any CPU.ActiveCfg = Debug|Any CPU
		{4E0EF33D-6DA8-428D-A5B1-4D0629E81FA9}.Debug|Any CPU.Build.0 = Debug|Any CPU
		{4E0EF33D-6DA8-428D-A5B1-4D0629E81FA9}.Release|Any CPU.ActiveCfg = Release|Any CPU
		{4E0EF33D-6DA8-428D-A5B1-4D0629E81FA9}.Release|Any CPU.Build.0 = Release|Any CPU
		{F55C3667-04BD-423D-A07B-450EF38EEEA5}.Debug|Any CPU.ActiveCfg = Debug|Any CPU
		{F55C3667-04BD-423D-A07B-450EF38EEEA5}.Debug|Any CPU.Build.0 = Debug|Any CPU
		{F55C3667-04BD-423D-A07B-450EF38EEEA5}.Release|Any CPU.ActiveCfg = Release|Any CPU
		{F55C3667-04BD-423D-A07B-450EF38EEEA5}.Release|Any CPU.Build.0 = Release|Any CPU
	EndGlobalSection
	GlobalSection(SolutionProperties) = preSolution
		HideSolutionNode = FALSE
	EndGlobalSection
	GlobalSection(ExtensibilityGlobals) = postSolution
		SolutionGuid = {F4AE6C8C-DC7A-4A1F-B77D-DCF6DF7223D4}
	EndGlobalSection
EndGlobal
