
Microsoft Visual Studio Solution File, Format Version 12.00
# Visual Studio Version 17
VisualStudioVersion = 17.0.31912.275
MinimumVisualStudioVersion = 10.0.40219.1
Project("{FAE04EC0-301F-11D3-BF4B-00C04F79EFBC}") = "Aula03", "Aula03\Aula03.csproj", "{7E15E7FD-B683-495C-A63D-5A8E1E69411A}"
EndProject
Global
	GlobalSection(SolutionConfigurationPlatforms) = preSolution
		Debug|Any CPU = Debug|Any CPU
		Release|Any CPU = Release|Any CPU
	EndGlobalSection
	GlobalSection(ProjectConfigurationPlatforms) = postSolution
		{7E15E7FD-B683-495C-A63D-5A8E1E69411A}.Debug|Any CPU.ActiveCfg = Debug|Any CPU
		{7E15E7FD-B683-495C-A63D-5A8E1E69411A}.Debug|Any CPU.Build.0 = Debug|Any CPU
		{7E15E7FD-B683-495C-A63D-5A8E1E69411A}.Release|Any CPU.ActiveCfg = Release|Any CPU
		{7E15E7FD-B683-495C-A63D-5A8E1E69411A}.Release|Any CPU.Build.0 = Release|Any CPU
	EndGlobalSection
	GlobalSection(SolutionProperties) = preSolution
		HideSolutionNode = FALSE
	EndGlobalSection
	GlobalSection(ExtensibilityGlobals) = postSolution
		SolutionGuid = {2E1CF94D-180A-4E27-8D7F-97DA78C32DFC}
	EndGlobalSection
EndGlobal
